// !$*UTF8*$!
{
	archiveVersion = 1;
	classes = {
	};
	objectVersion = 56;
	objects = {

/* Begin PBXBuildFile section */
		057A14262B4FD52000AA8EE0 /* DataUtamaTestApp.swift in Sources */ = {isa = PBXBuildFile; fileRef = 057A14252B4FD52000AA8EE0 /* DataUtamaTestApp.swift */; };
		057A14282B4FD52000AA8EE0 /* ContentView.swift in Sources */ = {isa = PBXBuildFile; fileRef = 057A14272B4FD52000AA8EE0 /* ContentView.swift */; };
		057A142A2B4FD52300AA8EE0 /* Assets.xcassets in Resources */ = {isa = PBXBuildFile; fileRef = 057A14292B4FD52300AA8EE0 /* Assets.xcassets */; };
		057A142D2B4FD52300AA8EE0 /* Preview Assets.xcassets in Resources */ = {isa = PBXBuildFile; fileRef = 057A142C2B4FD52300AA8EE0 /* Preview Assets.xcassets */; };
		057A14342B4FD95600AA8EE0 /* LoginView.swift in Sources */ = {isa = PBXBuildFile; fileRef = 057A14332B4FD95600AA8EE0 /* LoginView.swift */; };
		057A14362B4FD99B00AA8EE0 /* RegisterView.swift in Sources */ = {isa = PBXBuildFile; fileRef = 057A14352B4FD99A00AA8EE0 /* RegisterView.swift */; };
		057A14382B4FF60900AA8EE0 /* InputView.swift in Sources */ = {isa = PBXBuildFile; fileRef = 057A14372B4FF60900AA8EE0 /* InputView.swift */; };
		057A143E2B50143800AA8EE0 /* ListProdukView.swift in Sources */ = {isa = PBXBuildFile; fileRef = 057A143D2B50143800AA8EE0 /* ListProdukView.swift */; };
		057A14402B50154F00AA8EE0 /* CreateProductView.swift in Sources */ = {isa = PBXBuildFile; fileRef = 057A143F2B50154F00AA8EE0 /* CreateProductView.swift */; };
		057A14442B503B6700AA8EE0 /* APIService.swift in Sources */ = {isa = PBXBuildFile; fileRef = 057A14432B503B6700AA8EE0 /* APIService.swift */; };
		057A14462B503BAE00AA8EE0 /* RegisterViewModel.swift in Sources */ = {isa = PBXBuildFile; fileRef = 057A14452B503BAE00AA8EE0 /* RegisterViewModel.swift */; };
		057A14492B503BE300AA8EE0 /* RegisterResponse.swift in Sources */ = {isa = PBXBuildFile; fileRef = 057A14482B503BE300AA8EE0 /* RegisterResponse.swift */; };
		057A144C2B503C1500AA8EE0 /* LoginViewModel.swift in Sources */ = {isa = PBXBuildFile; fileRef = 057A144B2B503C1500AA8EE0 /* LoginViewModel.swift */; };
		057A144E2B503D1000AA8EE0 /* LoginResponse.swift in Sources */ = {isa = PBXBuildFile; fileRef = 057A144D2B503D1000AA8EE0 /* LoginResponse.swift */; };
		057A14522B50441C00AA8EE0 /* ProductViewModel.swift in Sources */ = {isa = PBXBuildFile; fileRef = 057A14512B50441C00AA8EE0 /* ProductViewModel.swift */; };
		057A14552B50EDD400AA8EE0 /* ProductModel.swift in Sources */ = {isa = PBXBuildFile; fileRef = 057A14542B50EDD400AA8EE0 /* ProductModel.swift */; };
		057A14572B50EE0F00AA8EE0 /* ProductResponses.swift in Sources */ = {isa = PBXBuildFile; fileRef = 057A14562B50EE0F00AA8EE0 /* ProductResponses.swift */; };
		05AFBA862B51A74200076764 /* AddVariantView.swift in Sources */ = {isa = PBXBuildFile; fileRef = 05AFBA852B51A74200076764 /* AddVariantView.swift */; };
		05AFBA882B52499F00076764 /* VariantModel.swift in Sources */ = {isa = PBXBuildFile; fileRef = 05AFBA872B52499F00076764 /* VariantModel.swift */; };
		05AFBA8A2B524AFD00076764 /* VariantViewModel.swift in Sources */ = {isa = PBXBuildFile; fileRef = 05AFBA892B524AFD00076764 /* VariantViewModel.swift */; };
/* End PBXBuildFile section */

/* Begin PBXFileReference section */
		057A14222B4FD52000AA8EE0 /* DataUtamaTest.app */ = {isa = PBXFileReference; explicitFileType = wrapper.application; includeInIndex = 0; path = DataUtamaTest.app; sourceTree = BUILT_PRODUCTS_DIR; };
		057A14252B4FD52000AA8EE0 /* DataUtamaTestApp.swift */ = {isa = PBXFileReference; lastKnownFileType = sourcecode.swift; path = DataUtamaTestApp.swift; sourceTree = "<group>"; };
		057A14272B4FD52000AA8EE0 /* ContentView.swift */ = {isa = PBXFileReference; lastKnownFileType = sourcecode.swift; path = ContentView.swift; sourceTree = "<group>"; };
		057A14292B4FD52300AA8EE0 /* Assets.xcassets */ = {isa = PBXFileReference; lastKnownFileType = folder.assetcatalog; path = Assets.xcassets; sourceTree = "<group>"; };
		057A142C2B4FD52300AA8EE0 /* Preview Assets.xcassets */ = {isa = PBXFileReference; lastKnownFileType = folder.assetcatalog; path = "Preview Assets.xcassets"; sourceTree = "<group>"; };
		057A14332B4FD95600AA8EE0 /* LoginView.swift */ = {isa = PBXFileReference; lastKnownFileType = sourcecode.swift; path = LoginView.swift; sourceTree = "<group>"; };
		057A14352B4FD99A00AA8EE0 /* RegisterView.swift */ = {isa = PBXFileReference; lastKnownFileType = sourcecode.swift; path = RegisterView.swift; sourceTree = "<group>"; };
		057A14372B4FF60900AA8EE0 /* InputView.swift */ = {isa = PBXFileReference; lastKnownFileType = sourcecode.swift; path = InputView.swift; sourceTree = "<group>"; };
		057A143D2B50143800AA8EE0 /* ListProdukView.swift */ = {isa = PBXFileReference; lastKnownFileType = sourcecode.swift; path = ListProdukView.swift; sourceTree = "<group>"; };
		057A143F2B50154F00AA8EE0 /* CreateProductView.swift */ = {isa = PBXFileReference; lastKnownFileType = sourcecode.swift; path = CreateProductView.swift; sourceTree = "<group>"; };
		057A14432B503B6700AA8EE0 /* APIService.swift */ = {isa = PBXFileReference; lastKnownFileType = sourcecode.swift; path = APIService.swift; sourceTree = "<group>"; };
		057A14452B503BAE00AA8EE0 /* RegisterViewModel.swift */ = {isa = PBXFileReference; lastKnownFileType = sourcecode.swift; path = RegisterViewModel.swift; sourceTree = "<group>"; };
		057A14482B503BE300AA8EE0 /* RegisterResponse.swift */ = {isa = PBXFileReference; lastKnownFileType = sourcecode.swift; path = RegisterResponse.swift; sourceTree = "<group>"; };
		057A144B2B503C1500AA8EE0 /* LoginViewModel.swift */ = {isa = PBXFileReference; lastKnownFileType = sourcecode.swift; path = LoginViewModel.swift; sourceTree = "<group>"; };
		057A144D2B503D1000AA8EE0 /* LoginResponse.swift */ = {isa = PBXFileReference; lastKnownFileType = sourcecode.swift; path = LoginResponse.swift; sourceTree = "<group>"; };
		057A14512B50441C00AA8EE0 /* ProductViewModel.swift */ = {isa = PBXFileReference; lastKnownFileType = sourcecode.swift; path = ProductViewModel.swift; sourceTree = "<group>"; };
		057A14542B50EDD400AA8EE0 /* ProductModel.swift */ = {isa = PBXFileReference; lastKnownFileType = sourcecode.swift; path = ProductModel.swift; sourceTree = "<group>"; };
		057A14562B50EE0F00AA8EE0 /* ProductResponses.swift */ = {isa = PBXFileReference; lastKnownFileType = sourcecode.swift; path = ProductResponses.swift; sourceTree = "<group>"; };
		05AFBA852B51A74200076764 /* AddVariantView.swift */ = {isa = PBXFileReference; lastKnownFileType = sourcecode.swift; path = AddVariantView.swift; sourceTree = "<group>"; };
		05AFBA872B52499F00076764 /* VariantModel.swift */ = {isa = PBXFileReference; lastKnownFileType = sourcecode.swift; path = VariantModel.swift; sourceTree = "<group>"; };
		05AFBA892B524AFD00076764 /* VariantViewModel.swift */ = {isa = PBXFileReference; lastKnownFileType = sourcecode.swift; path = VariantViewModel.swift; sourceTree = "<group>"; };
/* End PBXFileReference section */

/* Begin PBXFrameworksBuildPhase section */
		057A141F2B4FD52000AA8EE0 /* Frameworks */ = {
			isa = PBXFrameworksBuildPhase;
			buildActionMask = 2147483647;
			files = (
			);
			runOnlyForDeploymentPostprocessing = 0;
		};
/* End PBXFrameworksBuildPhase section */

/* Begin PBXGroup section */
		057A14192B4FD52000AA8EE0 = {
			isa = PBXGroup;
			children = (
				057A14242B4FD52000AA8EE0 /* DataUtamaTest */,
				057A14232B4FD52000AA8EE0 /* Products */,
			);
			sourceTree = "<group>";
		};
		057A14232B4FD52000AA8EE0 /* Products */ = {
			isa = PBXGroup;
			children = (
				057A14222B4FD52000AA8EE0 /* DataUtamaTest.app */,
			);
			name = Products;
			sourceTree = "<group>";
		};
		057A14242B4FD52000AA8EE0 /* DataUtamaTest */ = {
			isa = PBXGroup;
			children = (
				057A14502B5043DB00AA8EE0 /* CustomView */,
				057A144F2B503D8A00AA8EE0 /* Product */,
				057A144A2B503C0800AA8EE0 /* Login */,
				057A14472B503BB400AA8EE0 /* Register */,
				057A14412B503B5300AA8EE0 /* Utils */,
				057A14252B4FD52000AA8EE0 /* DataUtamaTestApp.swift */,
				057A14272B4FD52000AA8EE0 /* ContentView.swift */,
				057A14292B4FD52300AA8EE0 /* Assets.xcassets */,
				057A142B2B4FD52300AA8EE0 /* Preview Content */,
			);
			path = DataUtamaTest;
			sourceTree = "<group>";
		};
		057A142B2B4FD52300AA8EE0 /* Preview Content */ = {
			isa = PBXGroup;
			children = (
				057A142C2B4FD52300AA8EE0 /* Preview Assets.xcassets */,
			);
			path = "Preview Content";
			sourceTree = "<group>";
		};
		057A14412B503B5300AA8EE0 /* Utils */ = {
			isa = PBXGroup;
			children = (
				057A14422B503B5A00AA8EE0 /* Responses */,
				057A14432B503B6700AA8EE0 /* APIService.swift */,
			);
			path = Utils;
			sourceTree = "<group>";
		};
		057A14422B503B5A00AA8EE0 /* Responses */ = {
			isa = PBXGroup;
			children = (
				057A14482B503BE300AA8EE0 /* RegisterResponse.swift */,
				057A144D2B503D1000AA8EE0 /* LoginResponse.swift */,
				057A14562B50EE0F00AA8EE0 /* ProductResponses.swift */,
			);
			path = Responses;
			sourceTree = "<group>";
		};
		057A14472B503BB400AA8EE0 /* Register */ = {
			isa = PBXGroup;
			children = (
				057A14352B4FD99A00AA8EE0 /* RegisterView.swift */,
				057A14452B503BAE00AA8EE0 /* RegisterViewModel.swift */,
			);
			path = Register;
			sourceTree = "<group>";
		};
		057A144A2B503C0800AA8EE0 /* Login */ = {
			isa = PBXGroup;
			children = (
				057A144B2B503C1500AA8EE0 /* LoginViewModel.swift */,
				057A14332B4FD95600AA8EE0 /* LoginView.swift */,
			);
			path = Login;
			sourceTree = "<group>";
		};
		057A144F2B503D8A00AA8EE0 /* Product */ = {
			isa = PBXGroup;
			children = (
				05AFBA8C2B524BEA00076764 /* Variant */,
				05AFBA8B2B524BD800076764 /* Product */,
			);
			path = Product;
			sourceTree = "<group>";
		};
		057A14502B5043DB00AA8EE0 /* CustomView */ = {
			isa = PBXGroup;
			children = (
				057A14372B4FF60900AA8EE0 /* InputView.swift */,
			);
			path = CustomView;
			sourceTree = "<group>";
		};
		05AFBA8B2B524BD800076764 /* Product */ = {
			isa = PBXGroup;
			children = (
				057A14512B50441C00AA8EE0 /* ProductViewModel.swift */,
				057A143D2B50143800AA8EE0 /* ListProdukView.swift */,
				057A143F2B50154F00AA8EE0 /* CreateProductView.swift */,
				057A14542B50EDD400AA8EE0 /* ProductModel.swift */,
			);
			path = Product;
			sourceTree = "<group>";
		};
		05AFBA8C2B524BEA00076764 /* Variant */ = {
			isa = PBXGroup;
			children = (
				05AFBA852B51A74200076764 /* AddVariantView.swift */,
				05AFBA872B52499F00076764 /* VariantModel.swift */,
				05AFBA892B524AFD00076764 /* VariantViewModel.swift */,
			);
			path = Variant;
			sourceTree = "<group>";
		};
/* End PBXGroup section */

/* Begin PBXNativeTarget section */
		057A14212B4FD52000AA8EE0 /* DataUtamaTest */ = {
			isa = PBXNativeTarget;
			buildConfigurationList = 057A14302B4FD52300AA8EE0 /* Build configuration list for PBXNativeTarget "DataUtamaTest" */;
			buildPhases = (
				057A141E2B4FD52000AA8EE0 /* Sources */,
				057A141F2B4FD52000AA8EE0 /* Frameworks */,
				057A14202B4FD52000AA8EE0 /* Resources */,
			);
			buildRules = (
			);
			dependencies = (
			);
			name = DataUtamaTest;
			productName = DataUtamaTest;
			productReference = 057A14222B4FD52000AA8EE0 /* DataUtamaTest.app */;
			productType = "com.apple.product-type.application";
		};
/* End PBXNativeTarget section */

/* Begin PBXProject section */
		057A141A2B4FD52000AA8EE0 /* Project object */ = {
			isa = PBXProject;
			attributes = {
				BuildIndependentTargetsInParallel = 1;
				LastSwiftUpdateCheck = 1510;
				LastUpgradeCheck = 1510;
				TargetAttributes = {
					057A14212B4FD52000AA8EE0 = {
						CreatedOnToolsVersion = 15.1;
					};
				};
			};
			buildConfigurationList = 057A141D2B4FD52000AA8EE0 /* Build configuration list for PBXProject "DataUtamaTest" */;
			compatibilityVersion = "Xcode 14.0";
			developmentRegion = en;
			hasScannedForEncodings = 0;
			knownRegions = (
				en,
				Base,
			);
			mainGroup = 057A14192B4FD52000AA8EE0;
			productRefGroup = 057A14232B4FD52000AA8EE0 /* Products */;
			projectDirPath = "";
			projectRoot = "";
			targets = (
				057A14212B4FD52000AA8EE0 /* DataUtamaTest */,
			);
		};
/* End PBXProject section */

/* Begin PBXResourcesBuildPhase section */
		057A14202B4FD52000AA8EE0 /* Resources */ = {
			isa = PBXResourcesBuildPhase;
			buildActionMask = 2147483647;
			files = (
				057A142D2B4FD52300AA8EE0 /* Preview Assets.xcassets in Resources */,
				057A142A2B4FD52300AA8EE0 /* Assets.xcassets in Resources */,
			);
			runOnlyForDeploymentPostprocessing = 0;
		};
/* End PBXResourcesBuildPhase section */

/* Begin PBXSourcesBuildPhase section */
		057A141E2B4FD52000AA8EE0 /* Sources */ = {
			isa = PBXSourcesBuildPhase;
			buildActionMask = 2147483647;
			files = (
				057A14342B4FD95600AA8EE0 /* LoginView.swift in Sources */,
				057A14572B50EE0F00AA8EE0 /* ProductResponses.swift in Sources */,
				057A14462B503BAE00AA8EE0 /* RegisterViewModel.swift in Sources */,
				057A14362B4FD99B00AA8EE0 /* RegisterView.swift in Sources */,
				057A14382B4FF60900AA8EE0 /* InputView.swift in Sources */,
				057A14402B50154F00AA8EE0 /* CreateProductView.swift in Sources */,
				057A14552B50EDD400AA8EE0 /* ProductModel.swift in Sources */,
				057A14522B50441C00AA8EE0 /* ProductViewModel.swift in Sources */,
				05AFBA8A2B524AFD00076764 /* VariantViewModel.swift in Sources */,
				057A143E2B50143800AA8EE0 /* ListProdukView.swift in Sources */,
				057A14442B503B6700AA8EE0 /* APIService.swift in Sources */,
				05AFBA882B52499F00076764 /* VariantModel.swift in Sources */,
				057A14282B4FD52000AA8EE0 /* ContentView.swift in Sources */,
				057A144C2B503C1500AA8EE0 /* LoginViewModel.swift in Sources */,
				05AFBA862B51A74200076764 /* AddVariantView.swift in Sources */,
				057A144E2B503D1000AA8EE0 /* LoginResponse.swift in Sources */,
				057A14262B4FD52000AA8EE0 /* DataUtamaTestApp.swift in Sources */,
				057A14492B503BE300AA8EE0 /* RegisterResponse.swift in Sources */,
			);
			runOnlyForDeploymentPostprocessing = 0;
		};
/* End PBXSourcesBuildPhase section */

/* Begin XCBuildConfiguration section */
		057A142E2B4FD52300AA8EE0 /* Debug */ = {
			isa = XCBuildConfiguration;
			buildSettings = {
				ALWAYS_SEARCH_USER_PATHS = NO;
				ASSETCATALOG_COMPILER_GENERATE_SWIFT_ASSET_SYMBOL_EXTENSIONS = YES;
				CLANG_ANALYZER_NONNULL = YES;
				CLANG_ANALYZER_NUMBER_OBJECT_CONVERSION = YES_AGGRESSIVE;
				CLANG_CXX_LANGUAGE_STANDARD = "gnu++20";
				CLANG_ENABLE_MODULES = YES;
				CLANG_ENABLE_OBJC_ARC = YES;
				CLANG_ENABLE_OBJC_WEAK = YES;
				CLANG_WARN_BLOCK_CAPTURE_AUTORELEASING = YES;
				CLANG_WARN_BOOL_CONVERSION = YES;
				CLANG_WARN_COMMA = YES;
				CLANG_WARN_CONSTANT_CONVERSION = YES;
				CLANG_WARN_DEPRECATED_OBJC_IMPLEMENTATIONS = YES;
				CLANG_WARN_DIRECT_OBJC_ISA_USAGE = YES_ERROR;
				CLANG_WARN_DOCUMENTATION_COMMENTS = YES;
				CLANG_WARN_EMPTY_BODY = YES;
				CLANG_WARN_ENUM_CONVERSION = YES;
				CLANG_WARN_INFINITE_RECURSION = YES;
				CLANG_WARN_INT_CONVERSION = YES;
				CLANG_WARN_NON_LITERAL_NULL_CONVERSION = YES;
				CLANG_WARN_OBJC_IMPLICIT_RETAIN_SELF = YES;
				CLANG_WARN_OBJC_LITERAL_CONVERSION = YES;
				CLANG_WARN_OBJC_ROOT_CLASS = YES_ERROR;
				CLANG_WARN_QUOTED_INCLUDE_IN_FRAMEWORK_HEADER = YES;
				CLANG_WARN_RANGE_LOOP_ANALYSIS = YES;
				CLANG_WARN_STRICT_PROTOTYPES = YES;
				CLANG_WARN_SUSPICIOUS_MOVE = YES;
				CLANG_WARN_UNGUARDED_AVAILABILITY = YES_AGGRESSIVE;
				CLANG_WARN_UNREACHABLE_CODE = YES;
				CLANG_WARN__DUPLICATE_METHOD_MATCH = YES;
				COPY_PHASE_STRIP = NO;
				DEBUG_INFORMATION_FORMAT = dwarf;
				ENABLE_STRICT_OBJC_MSGSEND = YES;
				ENABLE_TESTABILITY = YES;
				ENABLE_USER_SCRIPT_SANDBOXING = YES;
				GCC_C_LANGUAGE_STANDARD = gnu17;
				GCC_DYNAMIC_NO_PIC = NO;
				GCC_NO_COMMON_BLOCKS = YES;
				GCC_OPTIMIZATION_LEVEL = 0;
				GCC_PREPROCESSOR_DEFINITIONS = (
					"DEBUG=1",
					"$(inherited)",
				);
				GCC_WARN_64_TO_32_BIT_CONVERSION = YES;
				GCC_WARN_ABOUT_RETURN_TYPE = YES_ERROR;
				GCC_WARN_UNDECLARED_SELECTOR = YES;
				GCC_WARN_UNINITIALIZED_AUTOS = YES_AGGRESSIVE;
				GCC_WARN_UNUSED_FUNCTION = YES;
				GCC_WARN_UNUSED_VARIABLE = YES;
				IPHONEOS_DEPLOYMENT_TARGET = 17.2;
				LOCALIZATION_PREFERS_STRING_CATALOGS = YES;
				MTL_ENABLE_DEBUG_INFO = INCLUDE_SOURCE;
				MTL_FAST_MATH = YES;
				ONLY_ACTIVE_ARCH = YES;
				SDKROOT = iphoneos;
				SWIFT_ACTIVE_COMPILATION_CONDITIONS = "DEBUG $(inherited)";
				SWIFT_OPTIMIZATION_LEVEL = "-Onone";
			};
			name = Debug;
		};
		057A142F2B4FD52300AA8EE0 /* Release */ = {
			isa = XCBuildConfiguration;
			buildSettings = {
				ALWAYS_SEARCH_USER_PATHS = NO;
				ASSETCATALOG_COMPILER_GENERATE_SWIFT_ASSET_SYMBOL_EXTENSIONS = YES;
				CLANG_ANALYZER_NONNULL = YES;
				CLANG_ANALYZER_NUMBER_OBJECT_CONVERSION = YES_AGGRESSIVE;
				CLANG_CXX_LANGUAGE_STANDARD = "gnu++20";
				CLANG_ENABLE_MODULES = YES;
				CLANG_ENABLE_OBJC_ARC = YES;
				CLANG_ENABLE_OBJC_WEAK = YES;
				CLANG_WARN_BLOCK_CAPTURE_AUTORELEASING = YES;
				CLANG_WARN_BOOL_CONVERSION = YES;
				CLANG_WARN_COMMA = YES;
				CLANG_WARN_CONSTANT_CONVERSION = YES;
				CLANG_WARN_DEPRECATED_OBJC_IMPLEMENTATIONS = YES;
				CLANG_WARN_DIRECT_OBJC_ISA_USAGE = YES_ERROR;
				CLANG_WARN_DOCUMENTATION_COMMENTS = YES;
				CLANG_WARN_EMPTY_BODY = YES;
				CLANG_WARN_ENUM_CONVERSION = YES;
				CLANG_WARN_INFINITE_RECURSION = YES;
				CLANG_WARN_INT_CONVERSION = YES;
				CLANG_WARN_NON_LITERAL_NULL_CONVERSION = YES;
				CLANG_WARN_OBJC_IMPLICIT_RETAIN_SELF = YES;
				CLANG_WARN_OBJC_LITERAL_CONVERSION = YES;
				CLANG_WARN_OBJC_ROOT_CLASS = YES_ERROR;
				CLANG_WARN_QUOTED_INCLUDE_IN_FRAMEWORK_HEADER = YES;
				CLANG_WARN_RANGE_LOOP_ANALYSIS = YES;
				CLANG_WARN_STRICT_PROTOTYPES = YES;
				CLANG_WARN_SUSPICIOUS_MOVE = YES;
				CLANG_WARN_UNGUARDED_AVAILABILITY = YES_AGGRESSIVE;
				CLANG_WARN_UNREACHABLE_CODE = YES;
				CLANG_WARN__DUPLICATE_METHOD_MATCH = YES;
				COPY_PHASE_STRIP = NO;
				DEBUG_INFORMATION_FORMAT = "dwarf-with-dsym";
				ENABLE_NS_ASSERTIONS = NO;
				ENABLE_STRICT_OBJC_MSGSEND = YES;
				ENABLE_USER_SCRIPT_SANDBOXING = YES;
				GCC_C_LANGUAGE_STANDARD = gnu17;
				GCC_NO_COMMON_BLOCKS = YES;
				GCC_WARN_64_TO_32_BIT_CONVERSION = YES;
				GCC_WARN_ABOUT_RETURN_TYPE = YES_ERROR;
				GCC_WARN_UNDECLARED_SELECTOR = YES;
				GCC_WARN_UNINITIALIZED_AUTOS = YES_AGGRESSIVE;
				GCC_WARN_UNUSED_FUNCTION = YES;
				GCC_WARN_UNUSED_VARIABLE = YES;
				IPHONEOS_DEPLOYMENT_TARGET = 17.2;
				LOCALIZATION_PREFERS_STRING_CATALOGS = YES;
				MTL_ENABLE_DEBUG_INFO = NO;
				MTL_FAST_MATH = YES;
				SDKROOT = iphoneos;
				SWIFT_COMPILATION_MODE = wholemodule;
				VALIDATE_PRODUCT = YES;
			};
			name = Release;
		};
		057A14312B4FD52300AA8EE0 /* Debug */ = {
			isa = XCBuildConfiguration;
			buildSettings = {
				ASSETCATALOG_COMPILER_APPICON_NAME = AppIcon;
				ASSETCATALOG_COMPILER_GLOBAL_ACCENT_COLOR_NAME = AccentColor;
				CODE_SIGN_STYLE = Automatic;
				CURRENT_PROJECT_VERSION = 1;
				DEVELOPMENT_ASSET_PATHS = "\"DataUtamaTest/Preview Content\"";
				DEVELOPMENT_TEAM = 233M4MPW7G;
				ENABLE_PREVIEWS = YES;
				GENERATE_INFOPLIST_FILE = YES;
				INFOPLIST_KEY_UIApplicationSceneManifest_Generation = YES;
				INFOPLIST_KEY_UIApplicationSupportsIndirectInputEvents = YES;
				INFOPLIST_KEY_UILaunchScreen_Generation = YES;
				INFOPLIST_KEY_UISupportedInterfaceOrientations_iPad = "UIInterfaceOrientationPortrait UIInterfaceOrientationPortraitUpsideDown UIInterfaceOrientationLandscapeLeft UIInterfaceOrientationLandscapeRight";
				INFOPLIST_KEY_UISupportedInterfaceOrientations_iPhone = "UIInterfaceOrientationPortrait UIInterfaceOrientationLandscapeLeft UIInterfaceOrientationLandscapeRight";
				LD_RUNPATH_SEARCH_PATHS = (
					"$(inherited)",
					"@executable_path/Frameworks",
				);
				MARKETING_VERSION = 1.0;
				PRODUCT_BUNDLE_IDENTIFIER = com.ghani.DataUtamaTest;
				PRODUCT_NAME = "$(TARGET_NAME)";
				SWIFT_EMIT_LOC_STRINGS = YES;
				SWIFT_VERSION = 5.0;
				TARGETED_DEVICE_FAMILY = "1,2";
			};
			name = Debug;
		};
		057A14322B4FD52300AA8EE0 /* Release */ = {
			isa = XCBuildConfiguration;
			buildSettings = {
				ASSETCATALOG_COMPILER_APPICON_NAME = AppIcon;
				ASSETCATALOG_COMPILER_GLOBAL_ACCENT_COLOR_NAME = AccentColor;
				CODE_SIGN_STYLE = Automatic;
				CURRENT_PROJECT_VERSION = 1;
				DEVELOPMENT_ASSET_PATHS = "\"DataUtamaTest/Preview Content\"";
				DEVELOPMENT_TEAM = 233M4MPW7G;
				ENABLE_PREVIEWS = YES;
				GENERATE_INFOPLIST_FILE = YES;
				INFOPLIST_KEY_UIApplicationSceneManifest_Generation = YES;
				INFOPLIST_KEY_UIApplicationSupportsIndirectInputEvents = YES;
				INFOPLIST_KEY_UILaunchScreen_Generation = YES;
				INFOPLIST_KEY_UISupportedInterfaceOrientations_iPad = "UIInterfaceOrientationPortrait UIInterfaceOrientationPortraitUpsideDown UIInterfaceOrientationLandscapeLeft UIInterfaceOrientationLandscapeRight";
				INFOPLIST_KEY_UISupportedInterfaceOrientations_iPhone = "UIInterfaceOrientationPortrait UIInterfaceOrientationLandscapeLeft UIInterfaceOrientationLandscapeRight";
				LD_RUNPATH_SEARCH_PATHS = (
					"$(inherited)",
					"@executable_path/Frameworks",
				);
				MARKETING_VERSION = 1.0;
				PRODUCT_BUNDLE_IDENTIFIER = com.ghani.DataUtamaTest;
				PRODUCT_NAME = "$(TARGET_NAME)";
				SWIFT_EMIT_LOC_STRINGS = YES;
				SWIFT_VERSION = 5.0;
				TARGETED_DEVICE_FAMILY = "1,2";
			};
			name = Release;
		};
/* End XCBuildConfiguration section */

/* Begin XCConfigurationList section */
		057A141D2B4FD52000AA8EE0 /* Build configuration list for PBXProject "DataUtamaTest" */ = {
			isa = XCConfigurationList;
			buildConfigurations = (
				057A142E2B4FD52300AA8EE0 /* Debug */,
				057A142F2B4FD52300AA8EE0 /* Release */,
			);
			defaultConfigurationIsVisible = 0;
			defaultConfigurationName = Release;
		};
		057A14302B4FD52300AA8EE0 /* Build configuration list for PBXNativeTarget "DataUtamaTest" */ = {
			isa = XCConfigurationList;
			buildConfigurations = (
				057A14312B4FD52300AA8EE0 /* Debug */,
				057A14322B4FD52300AA8EE0 /* Release */,
			);
			defaultConfigurationIsVisible = 0;
			defaultConfigurationName = Release;
		};
/* End XCConfigurationList section */
	};
	rootObject = 057A141A2B4FD52000AA8EE0 /* Project object */;
}
